
Microsoft Visual Studio Solution File, Format Version 12.00
# Visual Studio Version 17
VisualStudioVersion = 17.0.31912.275
MinimumVisualStudioVersion = 10.0.40219.1
Project("{FAE04EC0-301F-11D3-BF4B-00C04F79EFBC}") = "student-tracking-system", "student-tracking-system\student-tracking-system.csproj", "{B814DE87-7B30-407E-8851-455EFA9EDC24}"
EndProject
Global
	GlobalSection(SolutionConfigurationPlatforms) = preSolution
		Debug|Any CPU = Debug|Any CPU
		Release|Any CPU = Release|Any CPU
	EndGlobalSection
	GlobalSection(ProjectConfigurationPlatforms) = postSolution
		{B814DE87-7B30-407E-8851-455EFA9EDC24}.Debug|Any CPU.ActiveCfg = Debug|Any CPU
		{B814DE87-7B30-407E-8851-455EFA9EDC24}.Debug|Any CPU.Build.0 = Debug|Any CPU
		{B814DE87-7B30-407E-8851-455EFA9EDC24}.Release|Any CPU.ActiveCfg = Release|Any CPU
		{B814DE87-7B30-407E-8851-455EFA9EDC24}.Release|Any CPU.Build.0 = Release|Any CPU
	EndGlobalSection
	GlobalSection(SolutionProperties) = preSolution
		HideSolutionNode = FALSE
	EndGlobalSection
	GlobalSection(ExtensibilityGlobals) = postSolution
		SolutionGuid = {FF758B12-224A-49AD-B76D-7F1C42F8D97F}
	EndGlobalSection
EndGlobal
